// !$*UTF8*$!
{
	archiveVersion = 1;
	classes = {
	};
	objectVersion = 46;
	objects = {

/* Begin PBXBuildFile section */
		016480F71AEDF9F700F0ADCB /* main.m in Sources */ = {isa = PBXBuildFile; fileRef = 016480F61AEDF9F700F0ADCB /* main.m */; };
		016480FA1AEDF9F700F0ADCB /* AppDelegate.m in Sources */ = {isa = PBXBuildFile; fileRef = 016480F91AEDF9F700F0ADCB /* AppDelegate.m */; };
		016480FD1AEDF9F700F0ADCB /* ViewController.m in Sources */ = {isa = PBXBuildFile; fileRef = 016480FC1AEDF9F700F0ADCB /* ViewController.m */; };
		016481001AEDF9F700F0ADCB /* Main.storyboard in Resources */ = {isa = PBXBuildFile; fileRef = 016480FE1AEDF9F700F0ADCB /* Main.storyboard */; };
		016481021AEDF9F700F0ADCB /* Images.xcassets in Resources */ = {isa = PBXBuildFile; fileRef = 016481011AEDF9F700F0ADCB /* Images.xcassets */; };
		016481051AEDF9F700F0ADCB /* LaunchScreen.xib in Resources */ = {isa = PBXBuildFile; fileRef = 016481031AEDF9F700F0ADCB /* LaunchScreen.xib */; };
		016481111AEDF9F700F0ADCB /* ToDoListTests.m in Sources */ = {isa = PBXBuildFile; fileRef = 016481101AEDF9F700F0ADCB /* ToDoListTests.m */; };
/* End PBXBuildFile section */

/* Begin PBXContainerItemProxy section */
		0164810B1AEDF9F700F0ADCB /* PBXContainerItemProxy */ = {
			isa = PBXContainerItemProxy;
			containerPortal = 016480E91AEDF9F700F0ADCB /* Project object */;
			proxyType = 1;
			remoteGlobalIDString = 016480F01AEDF9F700F0ADCB;
			remoteInfo = ToDoList;
		};
/* End PBXContainerItemProxy section */

/* Begin PBXFileReference section */
		016480F11AEDF9F700F0ADCB /* ToDoList.app */ = {isa = PBXFileReference; explicitFileType = wrapper.application; includeInIndex = 0; path = ToDoList.app; sourceTree = BUILT_PRODUCTS_DIR; };
		016480F51AEDF9F700F0ADCB /* Info.plist */ = {isa = PBXFileReference; lastKnownFileType = text.plist.xml; path = Info.plist; sourceTree = "<group>"; };
		016480F61AEDF9F700F0ADCB /* main.m */ = {isa = PBXFileReference; lastKnownFileType = sourcecode.c.objc; path = main.m; sourceTree = "<group>"; };
		016480F81AEDF9F700F0ADCB /* AppDelegate.h */ = {isa = PBXFileReference; lastKnownFileType = sourcecode.c.h; path = AppDelegate.h; sourceTree = "<group>"; };
		016480F91AEDF9F700F0ADCB /* AppDelegate.m */ = {isa = PBXFileReference; lastKnownFileType = sourcecode.c.objc; path = AppDelegate.m; sourceTree = "<group>"; };
		016480FB1AEDF9F700F0ADCB /* ViewController.h */ = {isa = PBXFileReference; lastKnownFileType = sourcecode.c.h; path = ViewController.h; sourceTree = "<group>"; };
		016480FC1AEDF9F700F0ADCB /* ViewController.m */ = {isa = PBXFileReference; lastKnownFileType = sourcecode.c.objc; path = ViewController.m; sourceTree = "<group>"; };
		016480FF1AEDF9F700F0ADCB /* Base */ = {isa = PBXFileReference; lastKnownFileType = file.storyboard; name = Base; path = Base.lproj/Main.storyboard; sourceTree = "<group>"; };
		016481011AEDF9F700F0ADCB /* Images.xcassets */ = {isa = PBXFileReference; lastKnownFileType = folder.assetcatalog; path = Images.xcassets; sourceTree = "<group>"; };
		016481041AEDF9F700F0ADCB /* Base */ = {isa = PBXFileReference; lastKnownFileType = file.xib; name = Base; path = Base.lproj/LaunchScreen.xib; sourceTree = "<group>"; };
		0164810A1AEDF9F700F0ADCB /* ToDoListTests.xctest */ = {isa = PBXFileReference; explicitFileType = wrapper.cfbundle; includeInIndex = 0; path = ToDoListTests.xctest; sourceTree = BUILT_PRODUCTS_DIR; };
		0164810F1AEDF9F700F0ADCB /* Info.plist */ = {isa = PBXFileReference; lastKnownFileType = text.plist.xml; path = Info.plist; sourceTree = "<group>"; };
		016481101AEDF9F700F0ADCB /* ToDoListTests.m */ = {isa = PBXFileReference; lastKnownFileType = sourcecode.c.objc; path = ToDoListTests.m; sourceTree = "<group>"; };
/* End PBXFileReference section */

/* Begin PBXFrameworksBuildPhase section */
		016480EE1AEDF9F700F0ADCB /* Frameworks */ = {
			isa = PBXFrameworksBuildPhase;
			buildActionMask = 2147483647;
			files = (
			);
			runOnlyForDeploymentPostprocessing = 0;
		};
		016481071AEDF9F700F0ADCB /* Frameworks */ = {
			isa = PBXFrameworksBuildPhase;
			buildActionMask = 2147483647;
			files = (
			);
			runOnlyForDeploymentPostprocessing = 0;
		};
/* End PBXFrameworksBuildPhase section */

/* Begin PBXGroup section */
		016480E81AEDF9F700F0ADCB = {
			isa = PBXGroup;
			children = (
				016480F31AEDF9F700F0ADCB /* ToDoList */,
				0164810D1AEDF9F700F0ADCB /* ToDoListTests */,
				016480F21AEDF9F700F0ADCB /* Products */,
			);
			sourceTree = "<group>";
		};
		016480F21AEDF9F700F0ADCB /* Products */ = {
			isa = PBXGroup;
			children = (
				016480F11AEDF9F700F0ADCB /* ToDoList.app */,
				0164810A1AEDF9F700F0ADCB /* ToDoListTests.xctest */,
			);
			name = Products;
			sourceTree = "<group>";
		};
		016480F31AEDF9F700F0ADCB /* ToDoList */ = {
			isa = PBXGroup;
			children = (
				016480F81AEDF9F700F0ADCB /* AppDelegate.h */,
				016480F91AEDF9F700F0ADCB /* AppDelegate.m */,
				016480FB1AEDF9F700F0ADCB /* ViewController.h */,
				016480FC1AEDF9F700F0ADCB /* ViewController.m */,
				016480FE1AEDF9F700F0ADCB /* Main.storyboard */,
				016481011AEDF9F700F0ADCB /* Images.xcassets */,
				016481031AEDF9F700F0ADCB /* LaunchScreen.xib */,
				016480F41AEDF9F700F0ADCB /* Supporting Files */,
			);
			path = ToDoList;
			sourceTree = "<group>";
		};
		016480F41AEDF9F700F0ADCB /* Supporting Files */ = {
			isa = PBXGroup;
			children = (
				016480F51AEDF9F700F0ADCB /* Info.plist */,
				016480F61AEDF9F700F0ADCB /* main.m */,
			);
			name = "Supporting Files";
			sourceTree = "<group>";
		};
		0164810D1AEDF9F700F0ADCB /* ToDoListTests */ = {
			isa = PBXGroup;
			children = (
				016481101AEDF9F700F0ADCB /* ToDoListTests.m */,
				0164810E1AEDF9F700F0ADCB /* Supporting Files */,
			);
			path = ToDoListTests;
			sourceTree = "<group>";
		};
		0164810E1AEDF9F700F0ADCB /* Supporting Files */ = {
			isa = PBXGroup;
			children = (
				0164810F1AEDF9F700F0ADCB /* Info.plist */,
			);
			name = "Supporting Files";
			sourceTree = "<group>";
		};
/* End PBXGroup section */

/* Begin PBXNativeTarget section */
		016480F01AEDF9F700F0ADCB /* ToDoList */ = {
			isa = PBXNativeTarget;
			buildConfigurationList = 016481141AEDF9F700F0ADCB /* Build configuration list for PBXNativeTarget "ToDoList" */;
			buildPhases = (
				016480ED1AEDF9F700F0ADCB /* Sources */,
				016480EE1AEDF9F700F0ADCB /* Frameworks */,
				016480EF1AEDF9F700F0ADCB /* Resources */,
			);
			buildRules = (
			);
			dependencies = (
			);
			name = ToDoList;
			productName = ToDoList;
			productReference = 016480F11AEDF9F700F0ADCB /* ToDoList.app */;
			productType = "com.apple.product-type.application";
		};
		016481091AEDF9F700F0ADCB /* ToDoListTests */ = {
			isa = PBXNativeTarget;
			buildConfigurationList = 016481171AEDF9F700F0ADCB /* Build configuration list for PBXNativeTarget "ToDoListTests" */;
			buildPhases = (
				016481061AEDF9F700F0ADCB /* Sources */,
				016481071AEDF9F700F0ADCB /* Frameworks */,
				016481081AEDF9F700F0ADCB /* Resources */,
			);
			buildRules = (
			);
			dependencies = (
				0164810C1AEDF9F700F0ADCB /* PBXTargetDependency */,
			);
			name = ToDoListTests;
			productName = ToDoListTests;
			productReference = 0164810A1AEDF9F700F0ADCB /* ToDoListTests.xctest */;
			productType = "com.apple.product-type.bundle.unit-test";
		};
/* End PBXNativeTarget section */

/* Begin PBXProject section */
		016480E91AEDF9F700F0ADCB /* Project object */ = {
			isa = PBXProject;
			attributes = {
				LastUpgradeCheck = 0630;
				ORGANIZATIONNAME = "Xanthe Dobbie";
				TargetAttributes = {
					016480F01AEDF9F700F0ADCB = {
						CreatedOnToolsVersion = 6.3;
					};
					016481091AEDF9F700F0ADCB = {
						CreatedOnToolsVersion = 6.3;
						TestTargetID = 016480F01AEDF9F700F0ADCB;
					};
				};
			};
			buildConfigurationList = 016480EC1AEDF9F700F0ADCB /* Build configuration list for PBXProject "ToDoList" */;
			compatibilityVersion = "Xcode 3.2";
			developmentRegion = English;
			hasScannedForEncodings = 0;
			knownRegions = (
				en,
				Base,
			);
			mainGroup = 016480E81AEDF9F700F0ADCB;
			productRefGroup = 016480F21AEDF9F700F0ADCB /* Products */;
			projectDirPath = "";
			projectRoot = "";
			targets = (
				016480F01AEDF9F700F0ADCB /* ToDoList */,
				016481091AEDF9F700F0ADCB /* ToDoListTests */,
			);
		};
/* End PBXProject section */

/* Begin PBXResourcesBuildPhase section */
		016480EF1AEDF9F700F0ADCB /* Resources */ = {
			isa = PBXResourcesBuildPhase;
			buildActionMask = 2147483647;
			files = (
				016481001AEDF9F700F0ADCB /* Main.storyboard in Resources */,
				016481051AEDF9F700F0ADCB /* LaunchScreen.xib in Resources */,
				016481021AEDF9F700F0ADCB /* Images.xcassets in Resources */,
			);
			runOnlyForDeploymentPostprocessing = 0;
		};
		016481081AEDF9F700F0ADCB /* Resources */ = {
			isa = PBXResourcesBuildPhase;
			buildActionMask = 2147483647;
			files = (
			);
			runOnlyForDeploymentPostprocessing = 0;
		};
/* End PBXResourcesBuildPhase section */

/* Begin PBXSourcesBuildPhase section */
		016480ED1AEDF9F700F0ADCB /* Sources */ = {
			isa = PBXSourcesBuildPhase;
			buildActionMask = 2147483647;
			files = (
				016480FD1AEDF9F700F0ADCB /* ViewController.m in Sources */,
				016480FA1AEDF9F700F0ADCB /* AppDelegate.m in Sources */,
				016480F71AEDF9F700F0ADCB /* main.m in Sources */,
			);
			runOnlyForDeploymentPostprocessing = 0;
		};
		016481061AEDF9F700F0ADCB /* Sources */ = {
			isa = PBXSourcesBuildPhase;
			buildActionMask = 2147483647;
			files = (
				016481111AEDF9F700F0ADCB /* ToDoListTests.m in Sources */,
			);
			runOnlyForDeploymentPostprocessing = 0;
		};
/* End PBXSourcesBuildPhase section */

/* Begin PBXTargetDependency section */
		0164810C1AEDF9F700F0ADCB /* PBXTargetDependency */ = {
			isa = PBXTargetDependency;
			target = 016480F01AEDF9F700F0ADCB /* ToDoList */;
			targetProxy = 0164810B1AEDF9F700F0ADCB /* PBXContainerItemProxy */;
		};
/* End PBXTargetDependency section */

/* Begin PBXVariantGroup section */
		016480FE1AEDF9F700F0ADCB /* Main.storyboard */ = {
			isa = PBXVariantGroup;
			children = (
				016480FF1AEDF9F700F0ADCB /* Base */,
			);
			name = Main.storyboard;
			sourceTree = "<group>";
		};
		016481031AEDF9F700F0ADCB /* LaunchScreen.xib */ = {
			isa = PBXVariantGroup;
			children = (
				016481041AEDF9F700F0ADCB /* Base */,
			);
			name = LaunchScreen.xib;
			sourceTree = "<group>";
		};
/* End PBXVariantGroup section */

/* Begin XCBuildConfiguration section */
		016481121AEDF9F700F0ADCB /* Debug */ = {
			isa = XCBuildConfiguration;
			buildSettings = {
				ALWAYS_SEARCH_USER_PATHS = NO;
				CLANG_CXX_LANGUAGE_STANDARD = "gnu++0x";
				CLANG_CXX_LIBRARY = "libc++";
				CLANG_ENABLE_MODULES = YES;
				CLANG_ENABLE_OBJC_ARC = YES;
				CLANG_WARN_BOOL_CONVERSION = YES;
				CLANG_WARN_CONSTANT_CONVERSION = YES;
				CLANG_WARN_DIRECT_OBJC_ISA_USAGE = YES_ERROR;
				CLANG_WARN_EMPTY_BODY = YES;
				CLANG_WARN_ENUM_CONVERSION = YES;
				CLANG_WARN_INT_CONVERSION = YES;
				CLANG_WARN_OBJC_ROOT_CLASS = YES_ERROR;
				CLANG_WARN_UNREACHABLE_CODE = YES;
				CLANG_WARN__DUPLICATE_METHOD_MATCH = YES;
				"CODE_SIGN_IDENTITY[sdk=iphoneos*]" = "iPhone Developer";
				COPY_PHASE_STRIP = NO;
				DEBUG_INFORMATION_FORMAT = "dwarf-with-dsym";
				ENABLE_STRICT_OBJC_MSGSEND = YES;
				GCC_C_LANGUAGE_STANDARD = gnu99;
				GCC_DYNAMIC_NO_PIC = NO;
				GCC_NO_COMMON_BLOCKS = YES;
				GCC_OPTIMIZATION_LEVEL = 0;
				GCC_PREPROCESSOR_DEFINITIONS = (
					"DEBUG=1",
					"$(inherited)",
				);
				GCC_SYMBOLS_PRIVATE_EXTERN = NO;
				GCC_WARN_64_TO_32_BIT_CONVERSION = YES;
				GCC_WARN_ABOUT_RETURN_TYPE = YES_ERROR;
				GCC_WARN_UNDECLARED_SELECTOR = YES;
				GCC_WARN_UNINITIALIZED_AUTOS = YES_AGGRESSIVE;
				GCC_WARN_UNUSED_FUNCTION = YES;
				GCC_WARN_UNUSED_VARIABLE = YES;
				IPHONEOS_DEPLOYMENT_TARGET = 8.3;
				MTL_ENABLE_DEBUG_INFO = YES;
				ONLY_ACTIVE_ARCH = YES;
				SDKROOT = iphoneos;
				TARGETED_DEVICE_FAMILY = "1,2";
			};
			name = Debug;
		};
		016481131AEDF9F700F0ADCB /* Release */ = {
			isa = XCBuildConfiguration;
			buildSettings = {
				ALWAYS_SEARCH_USER_PATHS = NO;
				CLANG_CXX_LANGUAGE_STANDARD = "gnu++0x";
				CLANG_CXX_LIBRARY = "libc++";
				CLANG_ENABLE_MODULES = YES;
				CLANG_ENABLE_OBJC_ARC = YES;
				CLANG_WARN_BOOL_CONVERSION = YES;
				CLANG_WARN_CONSTANT_CONVERSION = YES;
				CLANG_WARN_DIRECT_OBJC_ISA_USAGE = YES_ERROR;
				CLANG_WARN_EMPTY_BODY = YES;
				CLANG_WARN_ENUM_CONVERSION = YES;
				CLANG_WARN_INT_CONVERSION = YES;
				CLANG_WARN_OBJC_ROOT_CLASS = YES_ERROR;
				CLANG_WARN_UNREACHABLE_CODE = YES;
				CLANG_WARN__DUPLICATE_METHOD_MATCH = YES;
				"CODE_SIGN_IDENTITY[sdk=iphoneos*]" = "iPhone Developer";
				COPY_PHASE_STRIP = NO;
				DEBUG_INFORMATION_FORMAT = "dwarf-with-dsym";
				ENABLE_NS_ASSERTIONS = NO;
				ENABLE_STRICT_OBJC_MSGSEND = YES;
				GCC_C_LANGUAGE_STANDARD = gnu99;
				GCC_NO_COMMON_BLOCKS = YES;
				GCC_WARN_64_TO_32_BIT_CONVERSION = YES;
				GCC_WARN_ABOUT_RETURN_TYPE = YES_ERROR;
				GCC_WARN_UNDECLARED_SELECTOR = YES;
				GCC_WARN_UNINITIALIZED_AUTOS = YES_AGGRESSIVE;
				GCC_WARN_UNUSED_FUNCTION = YES;
				GCC_WARN_UNUSED_VARIABLE = YES;
				IPHONEOS_DEPLOYMENT_TARGET = 8.3;
				MTL_ENABLE_DEBUG_INFO = NO;
				SDKROOT = iphoneos;
				TARGETED_DEVICE_FAMILY = "1,2";
				VALIDATE_PRODUCT = YES;
			};
			name = Release;
		};
		016481151AEDF9F700F0ADCB /* Debug */ = {
			isa = XCBuildConfiguration;
			buildSettings = {
				ASSETCATALOG_COMPILER_APPICON_NAME = AppIcon;
				INFOPLIST_FILE = ToDoList/Info.plist;
				LD_RUNPATH_SEARCH_PATHS = "$(inherited) @executable_path/Frameworks";
				PRODUCT_NAME = "$(TARGET_NAME)";
			};
			name = Debug;
		};
		016481161AEDF9F700F0ADCB /* Release */ = {
			isa = XCBuildConfiguration;
			buildSettings = {
				ASSETCATALOG_COMPILER_APPICON_NAME = AppIcon;
				INFOPLIST_FILE = ToDoList/Info.plist;
				LD_RUNPATH_SEARCH_PATHS = "$(inherited) @executable_path/Frameworks";
				PRODUCT_NAME = "$(TARGET_NAME)";
			};
			name = Release;
		};
		016481181AEDF9F700F0ADCB /* Debug */ = {
			isa = XCBuildConfiguration;
			buildSettings = {
				BUNDLE_LOADER = "$(TEST_HOST)";
				FRAMEWORK_SEARCH_PATHS = (
					"$(SDKROOT)/Developer/Library/Frameworks",
					"$(inherited)",
				);
				GCC_PREPROCESSOR_DEFINITIONS = (
					"DEBUG=1",
					"$(inherited)",
				);
				INFOPLIST_FILE = ToDoListTests/Info.plist;
				LD_RUNPATH_SEARCH_PATHS = "$(inherited) @executable_path/Frameworks @loader_path/Frameworks";
				PRODUCT_NAME = "$(TARGET_NAME)";
				TEST_HOST = "$(BUILT_PRODUCTS_DIR)/ToDoList.app/ToDoList";
			};
			name = Debug;
		};
		016481191AEDF9F700F0ADCB /* Release */ = {
			isa = XCBuildConfiguration;
			buildSettings = {
				BUNDLE_LOADER = "$(TEST_HOST)";
				FRAMEWORK_SEARCH_PATHS = (
					"$(SDKROOT)/Developer/Library/Frameworks",
					"$(inherited)",
				);
				INFOPLIST_FILE = ToDoListTests/Info.plist;
				LD_RUNPATH_SEARCH_PATHS = "$(inherited) @executable_path/Frameworks @loader_path/Frameworks";
				PRODUCT_NAME = "$(TARGET_NAME)";
				TEST_HOST = "$(BUILT_PRODUCTS_DIR)/ToDoList.app/ToDoList";
			};
			name = Release;
		};
/* End XCBuildConfiguration section */

/* Begin XCConfigurationList section */
		016480EC1AEDF9F700F0ADCB /* Build configuration list for PBXProject "ToDoList" */ = {
			isa = XCConfigurationList;
			buildConfigurations = (
				016481121AEDF9F700F0ADCB /* Debug */,
				016481131AEDF9F700F0ADCB /* Release */,
			);
			defaultConfigurationIsVisible = 0;
			defaultConfigurationName = Release;
		};
		016481141AEDF9F700F0ADCB /* Build configuration list for PBXNativeTarget "ToDoList" */ = {
			isa = XCConfigurationList;
			buildConfigurations = (
				016481151AEDF9F700F0ADCB /* Debug */,
				016481161AEDF9F700F0ADCB /* Release */,
			);
			defaultConfigurationIsVisible = 0;
		};
		016481171AEDF9F700F0ADCB /* Build configuration list for PBXNativeTarget "ToDoListTests" */ = {
			isa = XCConfigurationList;
			buildConfigurations = (
				016481181AEDF9F700F0ADCB /* Debug */,
				016481191AEDF9F700F0ADCB /* Release */,
			);
			defaultConfigurationIsVisible = 0;
		};
/* End XCConfigurationList section */
	};
	rootObject = 016480E91AEDF9F700F0ADCB /* Project object */;
}
